
Microsoft Visual Studio Solution File, Format Version 12.00
# Visual Studio Version 16
VisualStudioVersion = 16.0.30128.74
MinimumVisualStudioVersion = 10.0.40219.1
Project("{FAE04EC0-301F-11D3-BF4B-00C04F79EFBC}") = "FinanceAPI", "FinanceAPI\FinanceAPI.csproj", "{341AF53B-A8F0-4A19-AFD2-D03D5DB8C9A5}"
EndProject
Project("{FAE04EC0-301F-11D3-BF4B-00C04F79EFBC}") = "FinanceAPICore", "FinanceAPICore\FinanceAPICore.csproj", "{9E65D0BF-766F-415B-9B46-AAE758807F58}"
EndProject
Global
	GlobalSection(SolutionConfigurationPlatforms) = preSolution
		Debug|Any CPU = Debug|Any CPU
		Release|Any CPU = Release|Any CPU
	EndGlobalSection
	GlobalSection(ProjectConfigurationPlatforms) = postSolution
		{341AF53B-A8F0-4A19-AFD2-D03D5DB8C9A5}.Debug|Any CPU.ActiveCfg = Debug|Any CPU
		{341AF53B-A8F0-4A19-AFD2-D03D5DB8C9A5}.Debug|Any CPU.Build.0 = Debug|Any CPU
		{341AF53B-A8F0-4A19-AFD2-D03D5DB8C9A5}.Release|Any CPU.ActiveCfg = Release|Any CPU
		{341AF53B-A8F0-4A19-AFD2-D03D5DB8C9A5}.Release|Any CPU.Build.0 = Release|Any CPU
		{9E65D0BF-766F-415B-9B46-AAE758807F58}.Debug|Any CPU.ActiveCfg = Debug|Any CPU
		{9E65D0BF-766F-415B-9B46-AAE758807F58}.Debug|Any CPU.Build.0 = Debug|Any CPU
		{9E65D0BF-766F-415B-9B46-AAE758807F58}.Release|Any CPU.ActiveCfg = Release|Any CPU
		{9E65D0BF-766F-415B-9B46-AAE758807F58}.Release|Any CPU.Build.0 = Release|Any CPU
	EndGlobalSection
	GlobalSection(SolutionProperties) = preSolution
		HideSolutionNode = FALSE
	EndGlobalSection
	GlobalSection(ExtensibilityGlobals) = postSolution
		SolutionGuid = {37134CF0-1E2A-4CA0-A5BE-CF22175F0BF0}
	EndGlobalSection
EndGlobal
