
Microsoft Visual Studio Solution File, Format Version 12.00
# Visual Studio Version 16
VisualStudioVersion = 16.0.30128.74
MinimumVisualStudioVersion = 10.0.40219.1
Project("{9A19103F-16F7-4668-BE54-9A1E7A4F7556}") = "FinanceAPI", "FinanceAPI\FinanceAPI.csproj", "{341AF53B-A8F0-4A19-AFD2-D03D5DB8C9A5}"
EndProject
Project("{9A19103F-16F7-4668-BE54-9A1E7A4F7556}") = "FinanceAPICore", "FinanceAPICore\FinanceAPICore.csproj", "{9E65D0BF-766F-415B-9B46-AAE758807F58}"
EndProject
Project("{FAE04EC0-301F-11D3-BF4B-00C04F79EFBC}") = "FinanceAPIMongoDataService", "FinanceAPIMongoDataService\FinanceAPIMongoDataService.csproj", "{8AABDD77-0ED7-425A-A4D0-7B3ACB235D9D}"
EndProject
Project("{FAE04EC0-301F-11D3-BF4B-00C04F79EFBC}") = "FinanceAPIData", "FinanceAPIData\FinanceAPIData.csproj", "{4B4D3FB7-4776-4DB9-BB9E-2B819F59907A}"
EndProject
Project("{FAE04EC0-301F-11D3-BF4B-00C04F79EFBC}") = "FinanceAPICoreTests", "UnitTests\FinanceAPICoreTests\FinanceAPICoreTests.csproj", "{DA3A2E8E-0A14-4CB0-97EC-D340C1A2CF8D}"
EndProject
Project("{FAE04EC0-301F-11D3-BF4B-00C04F79EFBC}") = "FinanceAPIDataTests", "UnitTests\FinanceAPIDataTests\FinanceAPIDataTests.csproj", "{33E5A3B4-85A5-4FAC-AA3D-A03029BD244F}"
EndProject
Global
	GlobalSection(SolutionConfigurationPlatforms) = preSolution
		Debug|Any CPU = Debug|Any CPU
		Release|Any CPU = Release|Any CPU
	EndGlobalSection
	GlobalSection(ProjectConfigurationPlatforms) = postSolution
		{341AF53B-A8F0-4A19-AFD2-D03D5DB8C9A5}.Debug|Any CPU.ActiveCfg = Debug|Any CPU
		{341AF53B-A8F0-4A19-AFD2-D03D5DB8C9A5}.Debug|Any CPU.Build.0 = Debug|Any CPU
		{341AF53B-A8F0-4A19-AFD2-D03D5DB8C9A5}.Release|Any CPU.ActiveCfg = Release|Any CPU
		{341AF53B-A8F0-4A19-AFD2-D03D5DB8C9A5}.Release|Any CPU.Build.0 = Release|Any CPU
		{9E65D0BF-766F-415B-9B46-AAE758807F58}.Debug|Any CPU.ActiveCfg = Debug|Any CPU
		{9E65D0BF-766F-415B-9B46-AAE758807F58}.Debug|Any CPU.Build.0 = Debug|Any CPU
		{9E65D0BF-766F-415B-9B46-AAE758807F58}.Release|Any CPU.ActiveCfg = Release|Any CPU
		{9E65D0BF-766F-415B-9B46-AAE758807F58}.Release|Any CPU.Build.0 = Release|Any CPU
		{8AABDD77-0ED7-425A-A4D0-7B3ACB235D9D}.Debug|Any CPU.ActiveCfg = Debug|Any CPU
		{8AABDD77-0ED7-425A-A4D0-7B3ACB235D9D}.Debug|Any CPU.Build.0 = Debug|Any CPU
		{8AABDD77-0ED7-425A-A4D0-7B3ACB235D9D}.Release|Any CPU.ActiveCfg = Release|Any CPU
		{8AABDD77-0ED7-425A-A4D0-7B3ACB235D9D}.Release|Any CPU.Build.0 = Release|Any CPU
		{4B4D3FB7-4776-4DB9-BB9E-2B819F59907A}.Debug|Any CPU.ActiveCfg = Debug|Any CPU
		{4B4D3FB7-4776-4DB9-BB9E-2B819F59907A}.Debug|Any CPU.Build.0 = Debug|Any CPU
		{4B4D3FB7-4776-4DB9-BB9E-2B819F59907A}.Release|Any CPU.ActiveCfg = Release|Any CPU
		{4B4D3FB7-4776-4DB9-BB9E-2B819F59907A}.Release|Any CPU.Build.0 = Release|Any CPU
		{DA3A2E8E-0A14-4CB0-97EC-D340C1A2CF8D}.Debug|Any CPU.ActiveCfg = Debug|Any CPU
		{DA3A2E8E-0A14-4CB0-97EC-D340C1A2CF8D}.Debug|Any CPU.Build.0 = Debug|Any CPU
		{DA3A2E8E-0A14-4CB0-97EC-D340C1A2CF8D}.Release|Any CPU.ActiveCfg = Release|Any CPU
		{DA3A2E8E-0A14-4CB0-97EC-D340C1A2CF8D}.Release|Any CPU.Build.0 = Release|Any CPU
		{33E5A3B4-85A5-4FAC-AA3D-A03029BD244F}.Debug|Any CPU.ActiveCfg = Debug|Any CPU
		{33E5A3B4-85A5-4FAC-AA3D-A03029BD244F}.Debug|Any CPU.Build.0 = Debug|Any CPU
		{33E5A3B4-85A5-4FAC-AA3D-A03029BD244F}.Release|Any CPU.ActiveCfg = Release|Any CPU
		{33E5A3B4-85A5-4FAC-AA3D-A03029BD244F}.Release|Any CPU.Build.0 = Release|Any CPU
	EndGlobalSection
	GlobalSection(SolutionProperties) = preSolution
		HideSolutionNode = FALSE
	EndGlobalSection
	GlobalSection(ExtensibilityGlobals) = postSolution
		SolutionGuid = {37134CF0-1E2A-4CA0-A5BE-CF22175F0BF0}
	EndGlobalSection
EndGlobal
